
Microsoft Visual Studio Solution File, Format Version 12.00
# Visual Studio Version 16
VisualStudioVersion = 16.0.29503.13
MinimumVisualStudioVersion = 10.0.40219.1
Project("{FAE04EC0-301F-11D3-BF4B-00C04F79EFBC}") = "Models", "Models\Models.csproj", "{DF276AF1-56A5-4020-B0C8-97F39ED9DB78}"
EndProject
Project("{FAE04EC0-301F-11D3-BF4B-00C04F79EFBC}") = "WebApi", "WebApi\WebApi.csproj", "{00C8AC98-16EC-4A27-8E20-F0F74CDF5868}"
EndProject
Project("{FAE04EC0-301F-11D3-BF4B-00C04F79EFBC}") = "Repository", "Repository\Repository.csproj", "{56C45F06-EFA1-495F-85B1-BAE23D1C7A80}"
EndProject
Global
	GlobalSection(SolutionConfigurationPlatforms) = preSolution
		Debug|Any CPU = Debug|Any CPU
		Release|Any CPU = Release|Any CPU
	EndGlobalSection
	GlobalSection(ProjectConfigurationPlatforms) = postSolution
		{DF276AF1-56A5-4020-B0C8-97F39ED9DB78}.Debug|Any CPU.ActiveCfg = Debug|Any CPU
		{DF276AF1-56A5-4020-B0C8-97F39ED9DB78}.Debug|Any CPU.Build.0 = Debug|Any CPU
		{DF276AF1-56A5-4020-B0C8-97F39ED9DB78}.Release|Any CPU.ActiveCfg = Release|Any CPU
		{DF276AF1-56A5-4020-B0C8-97F39ED9DB78}.Release|Any CPU.Build.0 = Release|Any CPU
		{00C8AC98-16EC-4A27-8E20-F0F74CDF5868}.Debug|Any CPU.ActiveCfg = Debug|Any CPU
		{00C8AC98-16EC-4A27-8E20-F0F74CDF5868}.Debug|Any CPU.Build.0 = Debug|Any CPU
		{00C8AC98-16EC-4A27-8E20-F0F74CDF5868}.Release|Any CPU.ActiveCfg = Release|Any CPU
		{00C8AC98-16EC-4A27-8E20-F0F74CDF5868}.Release|Any CPU.Build.0 = Release|Any CPU
		{56C45F06-EFA1-495F-85B1-BAE23D1C7A80}.Debug|Any CPU.ActiveCfg = Debug|Any CPU
		{56C45F06-EFA1-495F-85B1-BAE23D1C7A80}.Debug|Any CPU.Build.0 = Debug|Any CPU
		{56C45F06-EFA1-495F-85B1-BAE23D1C7A80}.Release|Any CPU.ActiveCfg = Release|Any CPU
		{56C45F06-EFA1-495F-85B1-BAE23D1C7A80}.Release|Any CPU.Build.0 = Release|Any CPU
	EndGlobalSection
	GlobalSection(SolutionProperties) = preSolution
		HideSolutionNode = FALSE
	EndGlobalSection
	GlobalSection(ExtensibilityGlobals) = postSolution
		SolutionGuid = {5930FEFF-E003-4851-948D-74DBB0DC0E4A}
	EndGlobalSection
EndGlobal
